
Microsoft Visual Studio Solution File, Format Version 12.00
# Visual Studio 15
VisualStudioVersion = 15.0.28307.1972
MinimumVisualStudioVersion = 10.0.40219.1
Project("{FAE04EC0-301F-11D3-BF4B-00C04F79EFBC}") = "HPermissionsManager", "HPermissionsManager\HPermissionsManager.csproj", "{5BA67195-605B-452F-81BE-E75270FDDCCA}"
EndProject
Global
	GlobalSection(SolutionConfigurationPlatforms) = preSolution
		Debug|Any CPU = Debug|Any CPU
		Release|Any CPU = Release|Any CPU
	EndGlobalSection
	GlobalSection(ProjectConfigurationPlatforms) = postSolution
		{5BA67195-605B-452F-81BE-E75270FDDCCA}.Debug|Any CPU.ActiveCfg = Debug|Any CPU
		{5BA67195-605B-452F-81BE-E75270FDDCCA}.Debug|Any CPU.Build.0 = Debug|Any CPU
		{5BA67195-605B-452F-81BE-E75270FDDCCA}.Release|Any CPU.ActiveCfg = Release|Any CPU
		{5BA67195-605B-452F-81BE-E75270FDDCCA}.Release|Any CPU.Build.0 = Release|Any CPU
	EndGlobalSection
	GlobalSection(SolutionProperties) = preSolution
		HideSolutionNode = FALSE
	EndGlobalSection
	GlobalSection(ExtensibilityGlobals) = postSolution
		SolutionGuid = {FED1DB00-4114-4A90-B69E-271D09AB414D}
	EndGlobalSection
EndGlobal
